
Microsoft Visual Studio Solution File, Format Version 12.00
# Visual Studio Version 16
VisualStudioVersion = 16.0.30804.86
MinimumVisualStudioVersion = 10.0.40219.1
Project("{FAE04EC0-301F-11D3-BF4B-00C04F79EFBC}") = "Strongly_Myself", "Strongly_Myself\Strongly_Myself.csproj", "{52E13F02-4880-4D11-A5C8-76C5C40A39A2}"
EndProject
Global
	GlobalSection(SolutionConfigurationPlatforms) = preSolution
		Debug|Any CPU = Debug|Any CPU
		Release|Any CPU = Release|Any CPU
	EndGlobalSection
	GlobalSection(ProjectConfigurationPlatforms) = postSolution
		{52E13F02-4880-4D11-A5C8-76C5C40A39A2}.Debug|Any CPU.ActiveCfg = Debug|Any CPU
		{52E13F02-4880-4D11-A5C8-76C5C40A39A2}.Debug|Any CPU.Build.0 = Debug|Any CPU
		{52E13F02-4880-4D11-A5C8-76C5C40A39A2}.Release|Any CPU.ActiveCfg = Release|Any CPU
		{52E13F02-4880-4D11-A5C8-76C5C40A39A2}.Release|Any CPU.Build.0 = Release|Any CPU
	EndGlobalSection
	GlobalSection(SolutionProperties) = preSolution
		HideSolutionNode = FALSE
	EndGlobalSection
	GlobalSection(ExtensibilityGlobals) = postSolution
		SolutionGuid = {1D884E35-1A8C-4EAA-869D-1C2B6CA79891}
	EndGlobalSection
EndGlobal
